Microsoft Visual Studio Solution File, Format Version 12.00
# Visual Studio Version 17
VisualStudioVersion = 17.5.2.0
MinimumVisualStudioVersion = 10.0.40219.1
Project("{FAE04EC0-301F-11D3-BF4B-00C04F79EFBC}") = "UniversityTuitionAPI", "UniversityTuitionAPI.csproj", "{1EA281B8-622D-9169-1136-3ACAC43D5558}"
EndProject
Global
	GlobalSection(SolutionConfigurationPlatforms) = preSolution
		Debug|Any CPU = Debug|Any CPU
		Release|Any CPU = Release|Any CPU
	EndGlobalSection
	GlobalSection(ProjectConfigurationPlatforms) = postSolution
		{1EA281B8-622D-9169-1136-3ACAC43D5558}.Debug|Any CPU.ActiveCfg = Debug|Any CPU
		{1EA281B8-622D-9169-1136-3ACAC43D5558}.Debug|Any CPU.Build.0 = Debug|Any CPU
		{1EA281B8-622D-9169-1136-3ACAC43D5558}.Release|Any CPU.ActiveCfg = Release|Any CPU
		{1EA281B8-622D-9169-1136-3ACAC43D5558}.Release|Any CPU.Build.0 = Release|Any CPU
	EndGlobalSection
	GlobalSection(SolutionProperties) = preSolution
		HideSolutionNode = FALSE
	EndGlobalSection
	GlobalSection(ExtensibilityGlobals) = postSolution
		SolutionGuid = {390F9D2B-395D-489B-B407-CBE6615759E8}
	EndGlobalSection
EndGlobal
